{
  "requires": true,
  "lockfileVersion": 1,
  "dependencies": {
    "nan": {
      "version": "2.7.0",
      "resolved": "https://registry.npmjs.org/nan/-/nan-2.7.0.tgz",
      "integrity": "sha1-2Vv3IeyHfgjbJ27T/G63j5CDrUY="
    },
    "oniguruma": {
      "version": "6.2.1",
      "resolved": "https://registry.npmjs.org/oniguruma/-/oniguruma-6.2.1.tgz",
      "integrity": "sha1-pQ7mlkKEStHSUmhaqxhxcbBuzgQ=",
      "requires": {
        "nan": "2.7.0"
      }
    }
  }
}
